
Microsoft Visual Studio Solution File, Format Version 12.00
# Visual Studio 14
VisualStudioVersion = 14.0.23107.0
MinimumVisualStudioVersion = 10.0.40219.1
Project("{FAE04EC0-301F-11D3-BF4B-00C04F79EFBC}") = "XamarinReader", "XamarinReader\XamarinReader\XamarinReader.csproj", "{BF6C8A59-C217-4F97-8EE7-B3C5501EEE7B}"
EndProject
Project("{FAE04EC0-301F-11D3-BF4B-00C04F79EFBC}") = "XamarinReader.iOS", "XamarinReader\XamarinReader.iOS\XamarinReader.iOS.csproj", "{A5A7D59D-A4E1-4FC0-9CD5-FCEBF8EF4D6F}"
EndProject
Project("{FAE04EC0-301F-11D3-BF4B-00C04F79EFBC}") = "XamarinReader.Droid", "XamarinReader\XamarinReader.Droid\XamarinReader.Droid.csproj", "{EC469D8A-E11A-4818-85C0-F6618E651371}"
EndProject
Project("{FAE04EC0-301F-11D3-BF4B-00C04F79EFBC}") = "XamarinReader.WinPhone", "XamarinReader\XamarinReader.WinPhone\XamarinReader.WinPhone.csproj", "{AA49D700-209D-4F16-B90B-E10670F4E030}"
EndProject
Global
	GlobalSection(SolutionConfigurationPlatforms) = preSolution
		Ad-Hoc|Any CPU = Ad-Hoc|Any CPU
		Ad-Hoc|ARM = Ad-Hoc|ARM
		Ad-Hoc|iPhone = Ad-Hoc|iPhone
		Ad-Hoc|iPhoneSimulator = Ad-Hoc|iPhoneSimulator
		Ad-Hoc|x64 = Ad-Hoc|x64
		Ad-Hoc|x86 = Ad-Hoc|x86
		AppStore|Any CPU = AppStore|Any CPU
		AppStore|ARM = AppStore|ARM
		AppStore|iPhone = AppStore|iPhone
		AppStore|iPhoneSimulator = AppStore|iPhoneSimulator
		AppStore|x64 = AppStore|x64
		AppStore|x86 = AppStore|x86
		Debug|Any CPU = Debug|Any CPU
		Debug|ARM = Debug|ARM
		Debug|iPhone = Debug|iPhone
		Debug|iPhoneSimulator = Debug|iPhoneSimulator
		Debug|x64 = Debug|x64
		Debug|x86 = Debug|x86
		Release|Any CPU = Release|Any CPU
		Release|ARM = Release|ARM
		Release|iPhone = Release|iPhone
		Release|iPhoneSimulator = Release|iPhoneSimulator
		Release|x64 = Release|x64
		Release|x86 = Release|x86
	EndGlobalSection
	GlobalSection(ProjectConfigurationPlatforms) = postSolution
		{BF6C8A59-C217-4F97-8EE7-B3C5501EEE7B}.Ad-Hoc|Any CPU.ActiveCfg = Release|Any CPU
		{BF6C8A59-C217-4F97-8EE7-B3C5501EEE7B}.Ad-Hoc|Any CPU.Build.0 = Release|Any CPU
		{BF6C8A59-C217-4F97-8EE7-B3C5501EEE7B}.Ad-Hoc|ARM.ActiveCfg = Release|Any CPU
		{BF6C8A59-C217-4F97-8EE7-B3C5501EEE7B}.Ad-Hoc|ARM.Build.0 = Release|Any CPU
		{BF6C8A59-C217-4F97-8EE7-B3C5501EEE7B}.Ad-Hoc|iPhone.ActiveCfg = Release|Any CPU
		{BF6C8A59-C217-4F97-8EE7-B3C5501EEE7B}.Ad-Hoc|iPhone.Build.0 = Release|Any CPU
		{BF6C8A59-C217-4F97-8EE7-B3C5501EEE7B}.Ad-Hoc|iPhoneSimulator.ActiveCfg = Release|Any CPU
		{BF6C8A59-C217-4F97-8EE7-B3C5501EEE7B}.Ad-Hoc|iPhoneSimulator.Build.0 = Release|Any CPU
		{BF6C8A59-C217-4F97-8EE7-B3C5501EEE7B}.Ad-Hoc|x64.ActiveCfg = Debug|Any CPU
		{BF6C8A59-C217-4F97-8EE7-B3C5501EEE7B}.Ad-Hoc|x64.Build.0 = Debug|Any CPU
		{BF6C8A59-C217-4F97-8EE7-B3C5501EEE7B}.Ad-Hoc|x86.ActiveCfg = Release|Any CPU
		{BF6C8A59-C217-4F97-8EE7-B3C5501EEE7B}.Ad-Hoc|x86.Build.0 = Release|Any CPU
		{BF6C8A59-C217-4F97-8EE7-B3C5501EEE7B}.AppStore|Any CPU.ActiveCfg = Release|Any CPU
		{BF6C8A59-C217-4F97-8EE7-B3C5501EEE7B}.AppStore|Any CPU.Build.0 = Release|Any CPU
		{BF6C8A59-C217-4F97-8EE7-B3C5501EEE7B}.AppStore|ARM.ActiveCfg = Release|Any CPU
		{BF6C8A59-C217-4F97-8EE7-B3C5501EEE7B}.AppStore|ARM.Build.0 = Release|Any CPU
		{BF6C8A59-C217-4F97-8EE7-B3C5501EEE7B}.AppStore|iPhone.ActiveCfg = Release|Any CPU
		{BF6C8A59-C217-4F97-8EE7-B3C5501EEE7B}.AppStore|iPhone.Build.0 = Release|Any CPU
		{BF6C8A59-C217-4F97-8EE7-B3C5501EEE7B}.AppStore|iPhoneSimulator.ActiveCfg = Release|Any CPU
		{BF6C8A59-C217-4F97-8EE7-B3C5501EEE7B}.AppStore|iPhoneSimulator.Build.0 = Release|Any CPU
		{BF6C8A59-C217-4F97-8EE7-B3C5501EEE7B}.AppStore|x64.ActiveCfg = Debug|Any CPU
		{BF6C8A59-C217-4F97-8EE7-B3C5501EEE7B}.AppStore|x64.Build.0 = Debug|Any CPU
		{BF6C8A59-C217-4F97-8EE7-B3C5501EEE7B}.AppStore|x86.ActiveCfg = Release|Any CPU
		{BF6C8A59-C217-4F97-8EE7-B3C5501EEE7B}.AppStore|x86.Build.0 = Release|Any CPU
		{BF6C8A59-C217-4F97-8EE7-B3C5501EEE7B}.Debug|Any CPU.ActiveCfg = Debug|Any CPU
		{BF6C8A59-C217-4F97-8EE7-B3C5501EEE7B}.Debug|Any CPU.Build.0 = Debug|Any CPU
		{BF6C8A59-C217-4F97-8EE7-B3C5501EEE7B}.Debug|ARM.ActiveCfg = Debug|Any CPU
		{BF6C8A59-C217-4F97-8EE7-B3C5501EEE7B}.Debug|ARM.Build.0 = Debug|Any CPU
		{BF6C8A59-C217-4F97-8EE7-B3C5501EEE7B}.Debug|iPhone.ActiveCfg = Debug|Any CPU
		{BF6C8A59-C217-4F97-8EE7-B3C5501EEE7B}.Debug|iPhone.Build.0 = Debug|Any CPU
		{BF6C8A59-C217-4F97-8EE7-B3C5501EEE7B}.Debug|iPhoneSimulator.ActiveCfg = Debug|Any CPU
		{BF6C8A59-C217-4F97-8EE7-B3C5501EEE7B}.Debug|iPhoneSimulator.Build.0 = Debug|Any CPU
		{BF6C8A59-C217-4F97-8EE7-B3C5501EEE7B}.Debug|x64.ActiveCfg = Debug|Any CPU
		{BF6C8A59-C217-4F97-8EE7-B3C5501EEE7B}.Debug|x64.Build.0 = Debug|Any CPU
		{BF6C8A59-C217-4F97-8EE7-B3C5501EEE7B}.Debug|x86.ActiveCfg = Debug|Any CPU
		{BF6C8A59-C217-4F97-8EE7-B3C5501EEE7B}.Debug|x86.Build.0 = Debug|Any CPU
		{BF6C8A59-C217-4F97-8EE7-B3C5501EEE7B}.Release|Any CPU.ActiveCfg = Release|Any CPU
		{BF6C8A59-C217-4F97-8EE7-B3C5501EEE7B}.Release|Any CPU.Build.0 = Release|Any CPU
		{BF6C8A59-C217-4F97-8EE7-B3C5501EEE7B}.Release|ARM.ActiveCfg = Release|Any CPU
		{BF6C8A59-C217-4F97-8EE7-B3C5501EEE7B}.Release|ARM.Build.0 = Release|Any CPU
		{BF6C8A59-C217-4F97-8EE7-B3C5501EEE7B}.Release|iPhone.ActiveCfg = Release|Any CPU
		{BF6C8A59-C217-4F97-8EE7-B3C5501EEE7B}.Release|iPhone.Build.0 = Release|Any CPU
		{BF6C8A59-C217-4F97-8EE7-B3C5501EEE7B}.Release|iPhoneSimulator.ActiveCfg = Release|Any CPU
		{BF6C8A59-C217-4F97-8EE7-B3C5501EEE7B}.Release|iPhoneSimulator.Build.0 = Release|Any CPU
		{BF6C8A59-C217-4F97-8EE7-B3C5501EEE7B}.Release|x64.ActiveCfg = Release|Any CPU
		{BF6C8A59-C217-4F97-8EE7-B3C5501EEE7B}.Release|x64.Build.0 = Release|Any CPU
		{BF6C8A59-C217-4F97-8EE7-B3C5501EEE7B}.Release|x86.ActiveCfg = Release|Any CPU
		{BF6C8A59-C217-4F97-8EE7-B3C5501EEE7B}.Release|x86.Build.0 = Release|Any CPU
		{A5A7D59D-A4E1-4FC0-9CD5-FCEBF8EF4D6F}.Ad-Hoc|Any CPU.ActiveCfg = Ad-Hoc|iPhone
		{A5A7D59D-A4E1-4FC0-9CD5-FCEBF8EF4D6F}.Ad-Hoc|ARM.ActiveCfg = Ad-Hoc|iPhone
		{A5A7D59D-A4E1-4FC0-9CD5-FCEBF8EF4D6F}.Ad-Hoc|iPhone.ActiveCfg = Ad-Hoc|iPhone
		{A5A7D59D-A4E1-4FC0-9CD5-FCEBF8EF4D6F}.Ad-Hoc|iPhone.Build.0 = Ad-Hoc|iPhone
		{A5A7D59D-A4E1-4FC0-9CD5-FCEBF8EF4D6F}.Ad-Hoc|iPhoneSimulator.ActiveCfg = Ad-Hoc|iPhoneSimulator
		{A5A7D59D-A4E1-4FC0-9CD5-FCEBF8EF4D6F}.Ad-Hoc|iPhoneSimulator.Build.0 = Ad-Hoc|iPhoneSimulator
		{A5A7D59D-A4E1-4FC0-9CD5-FCEBF8EF4D6F}.Ad-Hoc|x64.ActiveCfg = Ad-Hoc|iPhoneSimulator
		{A5A7D59D-A4E1-4FC0-9CD5-FCEBF8EF4D6F}.Ad-Hoc|x86.ActiveCfg = Ad-Hoc|iPhone
		{A5A7D59D-A4E1-4FC0-9CD5-FCEBF8EF4D6F}.AppStore|Any CPU.ActiveCfg = AppStore|iPhone
		{A5A7D59D-A4E1-4FC0-9CD5-FCEBF8EF4D6F}.AppStore|ARM.ActiveCfg = AppStore|iPhone
		{A5A7D59D-A4E1-4FC0-9CD5-FCEBF8EF4D6F}.AppStore|iPhone.ActiveCfg = AppStore|iPhone
		{A5A7D59D-A4E1-4FC0-9CD5-FCEBF8EF4D6F}.AppStore|iPhone.Build.0 = AppStore|iPhone
		{A5A7D59D-A4E1-4FC0-9CD5-FCEBF8EF4D6F}.AppStore|iPhoneSimulator.ActiveCfg = AppStore|iPhoneSimulator
		{A5A7D59D-A4E1-4FC0-9CD5-FCEBF8EF4D6F}.AppStore|iPhoneSimulator.Build.0 = AppStore|iPhoneSimulator
		{A5A7D59D-A4E1-4FC0-9CD5-FCEBF8EF4D6F}.AppStore|x64.ActiveCfg = AppStore|iPhoneSimulator
		{A5A7D59D-A4E1-4FC0-9CD5-FCEBF8EF4D6F}.AppStore|x86.ActiveCfg = AppStore|iPhone
		{A5A7D59D-A4E1-4FC0-9CD5-FCEBF8EF4D6F}.Debug|Any CPU.ActiveCfg = Debug|iPhone
		{A5A7D59D-A4E1-4FC0-9CD5-FCEBF8EF4D6F}.Debug|ARM.ActiveCfg = Debug|iPhone
		{A5A7D59D-A4E1-4FC0-9CD5-FCEBF8EF4D6F}.Debug|iPhone.ActiveCfg = Debug|iPhone
		{A5A7D59D-A4E1-4FC0-9CD5-FCEBF8EF4D6F}.Debug|iPhone.Build.0 = Debug|iPhone
		{A5A7D59D-A4E1-4FC0-9CD5-FCEBF8EF4D6F}.Debug|iPhoneSimulator.ActiveCfg = Debug|iPhoneSimulator
		{A5A7D59D-A4E1-4FC0-9CD5-FCEBF8EF4D6F}.Debug|iPhoneSimulator.Build.0 = Debug|iPhoneSimulator
		{A5A7D59D-A4E1-4FC0-9CD5-FCEBF8EF4D6F}.Debug|x64.ActiveCfg = Debug|iPhoneSimulator
		{A5A7D59D-A4E1-4FC0-9CD5-FCEBF8EF4D6F}.Debug|x86.ActiveCfg = Debug|iPhone
		{A5A7D59D-A4E1-4FC0-9CD5-FCEBF8EF4D6F}.Release|Any CPU.ActiveCfg = Release|iPhone
		{A5A7D59D-A4E1-4FC0-9CD5-FCEBF8EF4D6F}.Release|ARM.ActiveCfg = Release|iPhone
		{A5A7D59D-A4E1-4FC0-9CD5-FCEBF8EF4D6F}.Release|iPhone.ActiveCfg = Release|iPhone
		{A5A7D59D-A4E1-4FC0-9CD5-FCEBF8EF4D6F}.Release|iPhone.Build.0 = Release|iPhone
		{A5A7D59D-A4E1-4FC0-9CD5-FCEBF8EF4D6F}.Release|iPhoneSimulator.ActiveCfg = Release|iPhoneSimulator
		{A5A7D59D-A4E1-4FC0-9CD5-FCEBF8EF4D6F}.Release|iPhoneSimulator.Build.0 = Release|iPhoneSimulator
		{A5A7D59D-A4E1-4FC0-9CD5-FCEBF8EF4D6F}.Release|x64.ActiveCfg = Release|iPhoneSimulator
		{A5A7D59D-A4E1-4FC0-9CD5-FCEBF8EF4D6F}.Release|x86.ActiveCfg = Release|iPhone
		{EC469D8A-E11A-4818-85C0-F6618E651371}.Ad-Hoc|Any CPU.ActiveCfg = Release|Any CPU
		{EC469D8A-E11A-4818-85C0-F6618E651371}.Ad-Hoc|Any CPU.Build.0 = Release|Any CPU
		{EC469D8A-E11A-4818-85C0-F6618E651371}.Ad-Hoc|Any CPU.Deploy.0 = Release|Any CPU
		{EC469D8A-E11A-4818-85C0-F6618E651371}.Ad-Hoc|ARM.ActiveCfg = Release|Any CPU
		{EC469D8A-E11A-4818-85C0-F6618E651371}.Ad-Hoc|ARM.Build.0 = Release|Any CPU
		{EC469D8A-E11A-4818-85C0-F6618E651371}.Ad-Hoc|ARM.Deploy.0 = Release|Any CPU
		{EC469D8A-E11A-4818-85C0-F6618E651371}.Ad-Hoc|iPhone.ActiveCfg = Release|Any CPU
		{EC469D8A-E11A-4818-85C0-F6618E651371}.Ad-Hoc|iPhone.Build.0 = Release|Any CPU
		{EC469D8A-E11A-4818-85C0-F6618E651371}.Ad-Hoc|iPhone.Deploy.0 = Release|Any CPU
		{EC469D8A-E11A-4818-85C0-F6618E651371}.Ad-Hoc|iPhoneSimulator.ActiveCfg = Release|Any CPU
		{EC469D8A-E11A-4818-85C0-F6618E651371}.Ad-Hoc|iPhoneSimulator.Build.0 = Release|Any CPU
		{EC469D8A-E11A-4818-85C0-F6618E651371}.Ad-Hoc|iPhoneSimulator.Deploy.0 = Release|Any CPU
		{EC469D8A-E11A-4818-85C0-F6618E651371}.Ad-Hoc|x64.ActiveCfg = Debug|Any CPU
		{EC469D8A-E11A-4818-85C0-F6618E651371}.Ad-Hoc|x64.Build.0 = Debug|Any CPU
		{EC469D8A-E11A-4818-85C0-F6618E651371}.Ad-Hoc|x64.Deploy.0 = Debug|Any CPU
		{EC469D8A-E11A-4818-85C0-F6618E651371}.Ad-Hoc|x86.ActiveCfg = Release|Any CPU
		{EC469D8A-E11A-4818-85C0-F6618E651371}.Ad-Hoc|x86.Build.0 = Release|Any CPU
		{EC469D8A-E11A-4818-85C0-F6618E651371}.Ad-Hoc|x86.Deploy.0 = Release|Any CPU
		{EC469D8A-E11A-4818-85C0-F6618E651371}.AppStore|Any CPU.ActiveCfg = Release|Any CPU
		{EC469D8A-E11A-4818-85C0-F6618E651371}.AppStore|Any CPU.Build.0 = Release|Any CPU
		{EC469D8A-E11A-4818-85C0-F6618E651371}.AppStore|Any CPU.Deploy.0 = Release|Any CPU
		{EC469D8A-E11A-4818-85C0-F6618E651371}.AppStore|ARM.ActiveCfg = Release|Any CPU
		{EC469D8A-E11A-4818-85C0-F6618E651371}.AppStore|ARM.Build.0 = Release|Any CPU
		{EC469D8A-E11A-4818-85C0-F6618E651371}.AppStore|ARM.Deploy.0 = Release|Any CPU
		{EC469D8A-E11A-4818-85C0-F6618E651371}.AppStore|iPhone.ActiveCfg = Release|Any CPU
		{EC469D8A-E11A-4818-85C0-F6618E651371}.AppStore|iPhone.Build.0 = Release|Any CPU
		{EC469D8A-E11A-4818-85C0-F6618E651371}.AppStore|iPhone.Deploy.0 = Release|Any CPU
		{EC469D8A-E11A-4818-85C0-F6618E651371}.AppStore|iPhoneSimulator.ActiveCfg = Release|Any CPU
		{EC469D8A-E11A-4818-85C0-F6618E651371}.AppStore|iPhoneSimulator.Build.0 = Release|Any CPU
		{EC469D8A-E11A-4818-85C0-F6618E651371}.AppStore|iPhoneSimulator.Deploy.0 = Release|Any CPU
		{EC469D8A-E11A-4818-85C0-F6618E651371}.AppStore|x64.ActiveCfg = Debug|Any CPU
		{EC469D8A-E11A-4818-85C0-F6618E651371}.AppStore|x64.Build.0 = Debug|Any CPU
		{EC469D8A-E11A-4818-85C0-F6618E651371}.AppStore|x64.Deploy.0 = Debug|Any CPU
		{EC469D8A-E11A-4818-85C0-F6618E651371}.AppStore|x86.ActiveCfg = Release|Any CPU
		{EC469D8A-E11A-4818-85C0-F6618E651371}.AppStore|x86.Build.0 = Release|Any CPU
		{EC469D8A-E11A-4818-85C0-F6618E651371}.AppStore|x86.Deploy.0 = Release|Any CPU
		{EC469D8A-E11A-4818-85C0-F6618E651371}.Debug|Any CPU.ActiveCfg = Debug|Any CPU
		{EC469D8A-E11A-4818-85C0-F6618E651371}.Debug|Any CPU.Build.0 = Debug|Any CPU
		{EC469D8A-E11A-4818-85C0-F6618E651371}.Debug|Any CPU.Deploy.0 = Debug|Any CPU
		{EC469D8A-E11A-4818-85C0-F6618E651371}.Debug|ARM.ActiveCfg = Debug|Any CPU
		{EC469D8A-E11A-4818-85C0-F6618E651371}.Debug|ARM.Build.0 = Debug|Any CPU
		{EC469D8A-E11A-4818-85C0-F6618E651371}.Debug|ARM.Deploy.0 = Debug|Any CPU
		{EC469D8A-E11A-4818-85C0-F6618E651371}.Debug|iPhone.ActiveCfg = Debug|Any CPU
		{EC469D8A-E11A-4818-85C0-F6618E651371}.Debug|iPhone.Build.0 = Debug|Any CPU
		{EC469D8A-E11A-4818-85C0-F6618E651371}.Debug|iPhone.Deploy.0 = Debug|Any CPU
		{EC469D8A-E11A-4818-85C0-F6618E651371}.Debug|iPhoneSimulator.ActiveCfg = Debug|Any CPU
		{EC469D8A-E11A-4818-85C0-F6618E651371}.Debug|iPhoneSimulator.Build.0 = Debug|Any CPU
		{EC469D8A-E11A-4818-85C0-F6618E651371}.Debug|iPhoneSimulator.Deploy.0 = Debug|Any CPU
		{EC469D8A-E11A-4818-85C0-F6618E651371}.Debug|x64.ActiveCfg = Debug|Any CPU
		{EC469D8A-E11A-4818-85C0-F6618E651371}.Debug|x64.Build.0 = Debug|Any CPU
		{EC469D8A-E11A-4818-85C0-F6618E651371}.Debug|x64.Deploy.0 = Debug|Any CPU
		{EC469D8A-E11A-4818-85C0-F6618E651371}.Debug|x86.ActiveCfg = Debug|Any CPU
		{EC469D8A-E11A-4818-85C0-F6618E651371}.Debug|x86.Build.0 = Debug|Any CPU
		{EC469D8A-E11A-4818-85C0-F6618E651371}.Debug|x86.Deploy.0 = Debug|Any CPU
		{EC469D8A-E11A-4818-85C0-F6618E651371}.Release|Any CPU.ActiveCfg = Release|Any CPU
		{EC469D8A-E11A-4818-85C0-F6618E651371}.Release|Any CPU.Build.0 = Release|Any CPU
		{EC469D8A-E11A-4818-85C0-F6618E651371}.Release|Any CPU.Deploy.0 = Release|Any CPU
		{EC469D8A-E11A-4818-85C0-F6618E651371}.Release|ARM.ActiveCfg = Release|Any CPU
		{EC469D8A-E11A-4818-85C0-F6618E651371}.Release|ARM.Build.0 = Release|Any CPU
		{EC469D8A-E11A-4818-85C0-F6618E651371}.Release|ARM.Deploy.0 = Release|Any CPU
		{EC469D8A-E11A-4818-85C0-F6618E651371}.Release|iPhone.ActiveCfg = Release|Any CPU
		{EC469D8A-E11A-4818-85C0-F6618E651371}.Release|iPhone.Build.0 = Release|Any CPU
		{EC469D8A-E11A-4818-85C0-F6618E651371}.Release|iPhone.Deploy.0 = Release|Any CPU
		{EC469D8A-E11A-4818-85C0-F6618E651371}.Release|iPhoneSimulator.ActiveCfg = Release|Any CPU
		{EC469D8A-E11A-4818-85C0-F6618E651371}.Release|iPhoneSimulator.Build.0 = Release|Any CPU
		{EC469D8A-E11A-4818-85C0-F6618E651371}.Release|iPhoneSimulator.Deploy.0 = Release|Any CPU
		{EC469D8A-E11A-4818-85C0-F6618E651371}.Release|x64.ActiveCfg = Release|Any CPU
		{EC469D8A-E11A-4818-85C0-F6618E651371}.Release|x64.Build.0 = Release|Any CPU
		{EC469D8A-E11A-4818-85C0-F6618E651371}.Release|x64.Deploy.0 = Release|Any CPU
		{EC469D8A-E11A-4818-85C0-F6618E651371}.Release|x86.ActiveCfg = Release|Any CPU
		{EC469D8A-E11A-4818-85C0-F6618E651371}.Release|x86.Build.0 = Release|Any CPU
		{EC469D8A-E11A-4818-85C0-F6618E651371}.Release|x86.Deploy.0 = Release|Any CPU
		{AA49D700-209D-4F16-B90B-E10670F4E030}.Ad-Hoc|Any CPU.ActiveCfg = Release|Any CPU
		{AA49D700-209D-4F16-B90B-E10670F4E030}.Ad-Hoc|Any CPU.Build.0 = Release|Any CPU
		{AA49D700-209D-4F16-B90B-E10670F4E030}.Ad-Hoc|Any CPU.Deploy.0 = Release|Any CPU
		{AA49D700-209D-4F16-B90B-E10670F4E030}.Ad-Hoc|ARM.ActiveCfg = Release|ARM
		{AA49D700-209D-4F16-B90B-E10670F4E030}.Ad-Hoc|ARM.Build.0 = Release|ARM
		{AA49D700-209D-4F16-B90B-E10670F4E030}.Ad-Hoc|ARM.Deploy.0 = Release|ARM
		{AA49D700-209D-4F16-B90B-E10670F4E030}.Ad-Hoc|iPhone.ActiveCfg = Release|Any CPU
		{AA49D700-209D-4F16-B90B-E10670F4E030}.Ad-Hoc|iPhone.Build.0 = Release|Any CPU
		{AA49D700-209D-4F16-B90B-E10670F4E030}.Ad-Hoc|iPhone.Deploy.0 = Release|Any CPU
		{AA49D700-209D-4F16-B90B-E10670F4E030}.Ad-Hoc|iPhoneSimulator.ActiveCfg = Release|Any CPU
		{AA49D700-209D-4F16-B90B-E10670F4E030}.Ad-Hoc|iPhoneSimulator.Build.0 = Release|Any CPU
		{AA49D700-209D-4F16-B90B-E10670F4E030}.Ad-Hoc|iPhoneSimulator.Deploy.0 = Release|Any CPU
		{AA49D700-209D-4F16-B90B-E10670F4E030}.Ad-Hoc|x64.ActiveCfg = Debug|Any CPU
		{AA49D700-209D-4F16-B90B-E10670F4E030}.Ad-Hoc|x64.Build.0 = Debug|Any CPU
		{AA49D700-209D-4F16-B90B-E10670F4E030}.Ad-Hoc|x64.Deploy.0 = Debug|Any CPU
		{AA49D700-209D-4F16-B90B-E10670F4E030}.Ad-Hoc|x86.ActiveCfg = Release|x86
		{AA49D700-209D-4F16-B90B-E10670F4E030}.Ad-Hoc|x86.Build.0 = Release|x86
		{AA49D700-209D-4F16-B90B-E10670F4E030}.Ad-Hoc|x86.Deploy.0 = Release|x86
		{AA49D700-209D-4F16-B90B-E10670F4E030}.AppStore|Any CPU.ActiveCfg = Release|Any CPU
		{AA49D700-209D-4F16-B90B-E10670F4E030}.AppStore|Any CPU.Build.0 = Release|Any CPU
		{AA49D700-209D-4F16-B90B-E10670F4E030}.AppStore|Any CPU.Deploy.0 = Release|Any CPU
		{AA49D700-209D-4F16-B90B-E10670F4E030}.AppStore|ARM.ActiveCfg = Release|ARM
		{AA49D700-209D-4F16-B90B-E10670F4E030}.AppStore|ARM.Build.0 = Release|ARM
		{AA49D700-209D-4F16-B90B-E10670F4E030}.AppStore|ARM.Deploy.0 = Release|ARM
		{AA49D700-209D-4F16-B90B-E10670F4E030}.AppStore|iPhone.ActiveCfg = Release|Any CPU
		{AA49D700-209D-4F16-B90B-E10670F4E030}.AppStore|iPhone.Build.0 = Release|Any CPU
		{AA49D700-209D-4F16-B90B-E10670F4E030}.AppStore|iPhone.Deploy.0 = Release|Any CPU
		{AA49D700-209D-4F16-B90B-E10670F4E030}.AppStore|iPhoneSimulator.ActiveCfg = Release|Any CPU
		{AA49D700-209D-4F16-B90B-E10670F4E030}.AppStore|iPhoneSimulator.Build.0 = Release|Any CPU
		{AA49D700-209D-4F16-B90B-E10670F4E030}.AppStore|iPhoneSimulator.Deploy.0 = Release|Any CPU
		{AA49D700-209D-4F16-B90B-E10670F4E030}.AppStore|x64.ActiveCfg = Debug|Any CPU
		{AA49D700-209D-4F16-B90B-E10670F4E030}.AppStore|x64.Build.0 = Debug|Any CPU
		{AA49D700-209D-4F16-B90B-E10670F4E030}.AppStore|x64.Deploy.0 = Debug|Any CPU
		{AA49D700-209D-4F16-B90B-E10670F4E030}.AppStore|x86.ActiveCfg = Release|x86
		{AA49D700-209D-4F16-B90B-E10670F4E030}.AppStore|x86.Build.0 = Release|x86
		{AA49D700-209D-4F16-B90B-E10670F4E030}.AppStore|x86.Deploy.0 = Release|x86
		{AA49D700-209D-4F16-B90B-E10670F4E030}.Debug|Any CPU.ActiveCfg = Debug|Any CPU
		{AA49D700-209D-4F16-B90B-E10670F4E030}.Debug|Any CPU.Build.0 = Debug|Any CPU
		{AA49D700-209D-4F16-B90B-E10670F4E030}.Debug|Any CPU.Deploy.0 = Debug|Any CPU
		{AA49D700-209D-4F16-B90B-E10670F4E030}.Debug|ARM.ActiveCfg = Debug|ARM
		{AA49D700-209D-4F16-B90B-E10670F4E030}.Debug|ARM.Build.0 = Debug|ARM
		{AA49D700-209D-4F16-B90B-E10670F4E030}.Debug|ARM.Deploy.0 = Debug|ARM
		{AA49D700-209D-4F16-B90B-E10670F4E030}.Debug|iPhone.ActiveCfg = Debug|Any CPU
		{AA49D700-209D-4F16-B90B-E10670F4E030}.Debug|iPhone.Build.0 = Debug|Any CPU
		{AA49D700-209D-4F16-B90B-E10670F4E030}.Debug|iPhone.Deploy.0 = Debug|Any CPU
		{AA49D700-209D-4F16-B90B-E10670F4E030}.Debug|iPhoneSimulator.ActiveCfg = Debug|Any CPU
		{AA49D700-209D-4F16-B90B-E10670F4E030}.Debug|iPhoneSimulator.Build.0 = Debug|Any CPU
		{AA49D700-209D-4F16-B90B-E10670F4E030}.Debug|iPhoneSimulator.Deploy.0 = Debug|Any CPU
		{AA49D700-209D-4F16-B90B-E10670F4E030}.Debug|x64.ActiveCfg = Debug|Any CPU
		{AA49D700-209D-4F16-B90B-E10670F4E030}.Debug|x64.Build.0 = Debug|Any CPU
		{AA49D700-209D-4F16-B90B-E10670F4E030}.Debug|x64.Deploy.0 = Debug|Any CPU
		{AA49D700-209D-4F16-B90B-E10670F4E030}.Debug|x86.ActiveCfg = Debug|x86
		{AA49D700-209D-4F16-B90B-E10670F4E030}.Debug|x86.Build.0 = Debug|x86
		{AA49D700-209D-4F16-B90B-E10670F4E030}.Debug|x86.Deploy.0 = Debug|x86
		{AA49D700-209D-4F16-B90B-E10670F4E030}.Release|Any CPU.ActiveCfg = Release|Any CPU
		{AA49D700-209D-4F16-B90B-E10670F4E030}.Release|Any CPU.Build.0 = Release|Any CPU
		{AA49D700-209D-4F16-B90B-E10670F4E030}.Release|Any CPU.Deploy.0 = Release|Any CPU
		{AA49D700-209D-4F16-B90B-E10670F4E030}.Release|ARM.ActiveCfg = Release|ARM
		{AA49D700-209D-4F16-B90B-E10670F4E030}.Release|ARM.Build.0 = Release|ARM
		{AA49D700-209D-4F16-B90B-E10670F4E030}.Release|ARM.Deploy.0 = Release|ARM
		{AA49D700-209D-4F16-B90B-E10670F4E030}.Release|iPhone.ActiveCfg = Release|Any CPU
		{AA49D700-209D-4F16-B90B-E10670F4E030}.Release|iPhone.Build.0 = Release|Any CPU
		{AA49D700-209D-4F16-B90B-E10670F4E030}.Release|iPhone.Deploy.0 = Release|Any CPU
		{AA49D700-209D-4F16-B90B-E10670F4E030}.Release|iPhoneSimulator.ActiveCfg = Release|Any CPU
		{AA49D700-209D-4F16-B90B-E10670F4E030}.Release|iPhoneSimulator.Build.0 = Release|Any CPU
		{AA49D700-209D-4F16-B90B-E10670F4E030}.Release|iPhoneSimulator.Deploy.0 = Release|Any CPU
		{AA49D700-209D-4F16-B90B-E10670F4E030}.Release|x64.ActiveCfg = Release|Any CPU
		{AA49D700-209D-4F16-B90B-E10670F4E030}.Release|x64.Build.0 = Release|Any CPU
		{AA49D700-209D-4F16-B90B-E10670F4E030}.Release|x64.Deploy.0 = Release|Any CPU
		{AA49D700-209D-4F16-B90B-E10670F4E030}.Release|x86.ActiveCfg = Release|x86
		{AA49D700-209D-4F16-B90B-E10670F4E030}.Release|x86.Build.0 = Release|x86
		{AA49D700-209D-4F16-B90B-E10670F4E030}.Release|x86.Deploy.0 = Release|x86
	EndGlobalSection
	GlobalSection(SolutionProperties) = preSolution
		HideSolutionNode = FALSE
	EndGlobalSection
EndGlobal
